# THIS IS AN AUTOGENERATED FILE. DO NOT EDIT THIS FILE DIRECTLY.
# yarn lockfile v1


lodash@^4.17.11:
  version "4.17.11"
  resolved "https://registry.yarnpkg.com/lodash/-/lodash-4.17.11.tgz#b39ea6229ef607ecd89e2c8df12536891cac9b8d"

seedrandom@^2.4.2:
  version "2.4.4"
  resolved "https://registry.yarnpkg.com/seedrandom/-/seedrandom-2.4.4.tgz#b25ea98632c73e45f58b77cfaa931678df01f9ba"

shuffle-seed@^1.1.6:
  version "1.1.6"
  resolved "https://registry.yarnpkg.com/shuffle-seed/-/shuffle-seed-1.1.6.tgz#533c12683bab3b4fa3e8751fc4e562146744260b"
  dependencies:
    seedrandom "^2.4.2"
